
Microsoft Visual Studio Solution File, Format Version 12.00
# Visual Studio 15
VisualStudioVersion = 15.0.26730.15
MinimumVisualStudioVersion = 10.0.40219.1
Project("{FAE04EC0-301F-11D3-BF4B-00C04F79EFBC}") = "SmartRefrigeratorv2", "SmartRefrigeratorv2\SmartRefrigeratorv2.csproj", "{4BD709CD-E20C-4FDB-806D-75E91E6802BE}"
EndProject
Project("{FAE04EC0-301F-11D3-BF4B-00C04F79EFBC}") = "SmartRefrigeratorTestProjectv2", "SmartRefrigeratorTestProjectv2\SmartRefrigeratorTestProjectv2.csproj", "{015DBC6F-DC2A-416D-924A-72BA5602B775}"
EndProject
Global
	GlobalSection(SolutionConfigurationPlatforms) = preSolution
		Debug|Any CPU = Debug|Any CPU
		Release|Any CPU = Release|Any CPU
	EndGlobalSection
	GlobalSection(ProjectConfigurationPlatforms) = postSolution
		{4BD709CD-E20C-4FDB-806D-75E91E6802BE}.Debug|Any CPU.ActiveCfg = Debug|Any CPU
		{4BD709CD-E20C-4FDB-806D-75E91E6802BE}.Debug|Any CPU.Build.0 = Debug|Any CPU
		{4BD709CD-E20C-4FDB-806D-75E91E6802BE}.Release|Any CPU.ActiveCfg = Release|Any CPU
		{4BD709CD-E20C-4FDB-806D-75E91E6802BE}.Release|Any CPU.Build.0 = Release|Any CPU
		{015DBC6F-DC2A-416D-924A-72BA5602B775}.Debug|Any CPU.ActiveCfg = Debug|Any CPU
		{015DBC6F-DC2A-416D-924A-72BA5602B775}.Debug|Any CPU.Build.0 = Debug|Any CPU
		{015DBC6F-DC2A-416D-924A-72BA5602B775}.Release|Any CPU.ActiveCfg = Release|Any CPU
		{015DBC6F-DC2A-416D-924A-72BA5602B775}.Release|Any CPU.Build.0 = Release|Any CPU
	EndGlobalSection
	GlobalSection(SolutionProperties) = preSolution
		HideSolutionNode = FALSE
	EndGlobalSection
	GlobalSection(ExtensibilityGlobals) = postSolution
		SolutionGuid = {53E05780-791E-4EC0-A448-72C3E60A7850}
	EndGlobalSection
EndGlobal
